
Microsoft Visual Studio Solution File, Format Version 12.00
# Visual Studio Version 17
VisualStudioVersion = 17.9.34723.18
MinimumVisualStudioVersion = 10.0.40219.1
Project("{9A19103F-16F7-4668-BE54-9A1E7A4F7556}") = "PetShop", "PetShop\PetShop.csproj", "{360C4E50-794E-446A-B477-069DC0DC0C18}"
EndProject
Global
	GlobalSection(SolutionConfigurationPlatforms) = preSolution
		Debug|Any CPU = Debug|Any CPU
		Release|Any CPU = Release|Any CPU
	EndGlobalSection
	GlobalSection(ProjectConfigurationPlatforms) = postSolution
		{360C4E50-794E-446A-B477-069DC0DC0C18}.Debug|Any CPU.ActiveCfg = Debug|Any CPU
		{360C4E50-794E-446A-B477-069DC0DC0C18}.Debug|Any CPU.Build.0 = Debug|Any CPU
		{360C4E50-794E-446A-B477-069DC0DC0C18}.Release|Any CPU.ActiveCfg = Release|Any CPU
		{360C4E50-794E-446A-B477-069DC0DC0C18}.Release|Any CPU.Build.0 = Release|Any CPU
	EndGlobalSection
	GlobalSection(SolutionProperties) = preSolution
		HideSolutionNode = FALSE
	EndGlobalSection
	GlobalSection(ExtensibilityGlobals) = postSolution
		SolutionGuid = {DE875F72-5CB4-4200-925B-130DF9AD6BA9}
	EndGlobalSection
EndGlobal
